// !$*UTF8*$!
{
	archiveVersion = 1;
	classes = {
	};
	objectVersion = 46;
	objects = {

/* Begin PBXBuildFile section */
		33EBD2F51DA83852001DF690 /* AppDelegate.swift in Sources */ = {isa = PBXBuildFile; fileRef = 33EBD2F41DA83851001DF690 /* AppDelegate.swift */; };
		33EBD2F71DA83852001DF690 /* ViewController.swift in Sources */ = {isa = PBXBuildFile; fileRef = 33EBD2F61DA83852001DF690 /* ViewController.swift */; };
		33EBD2FA1DA83852001DF690 /* Main.storyboard in Resources */ = {isa = PBXBuildFile; fileRef = 33EBD2F81DA83852001DF690 /* Main.storyboard */; };
		33EBD2FC1DA83852001DF690 /* Assets.xcassets in Resources */ = {isa = PBXBuildFile; fileRef = 33EBD2FB1DA83852001DF690 /* Assets.xcassets */; };
		33EBD2FF1DA83853001DF690 /* LaunchScreen.storyboard in Resources */ = {isa = PBXBuildFile; fileRef = 33EBD2FD1DA83853001DF690 /* LaunchScreen.storyboard */; };
/* End PBXBuildFile section */

/* Begin PBXFileReference section */
		33EBD2F11DA83851001DF690 /* FinalMockup.app */ = {isa = PBXFileReference; explicitFileType = wrapper.application; includeInIndex = 0; path = FinalMockup.app; sourceTree = BUILT_PRODUCTS_DIR; };
		33EBD2F41DA83851001DF690 /* AppDelegate.swift */ = {isa = PBXFileReference; lastKnownFileType = sourcecode.swift; path = AppDelegate.swift; sourceTree = "<group>"; };
		33EBD2F61DA83852001DF690 /* ViewController.swift */ = {isa = PBXFileReference; lastKnownFileType = sourcecode.swift; path = ViewController.swift; sourceTree = "<group>"; };
		33EBD2F91DA83852001DF690 /* Base */ = {isa = PBXFileReference; lastKnownFileType = file.storyboard; name = Base; path = Base.lproj/Main.storyboard; sourceTree = "<group>"; };
		33EBD2FB1DA83852001DF690 /* Assets.xcassets */ = {isa = PBXFileReference; lastKnownFileType = folder.assetcatalog; path = Assets.xcassets; sourceTree = "<group>"; };
		33EBD2FE1DA83853001DF690 /* Base */ = {isa = PBXFileReference; lastKnownFileType = file.storyboard; name = Base; path = Base.lproj/LaunchScreen.storyboard; sourceTree = "<group>"; };
		33EBD3001DA83853001DF690 /* Info.plist */ = {isa = PBXFileReference; lastKnownFileType = text.plist.xml; path = Info.plist; sourceTree = "<group>"; };
/* End PBXFileReference section */

/* Begin PBXFrameworksBuildPhase section */
		33EBD2EE1DA83851001DF690 /* Frameworks */ = {
			isa = PBXFrameworksBuildPhase;
			buildActionMask = 2147483647;
			files = (
			);
			runOnlyForDeploymentPostprocessing = 0;
		};
/* End PBXFrameworksBuildPhase section */

/* Begin PBXGroup section */
		33EBD2E81DA83851001DF690 = {
			isa = PBXGroup;
			children = (
				33EBD2F31DA83851001DF690 /* FinalMockup */,
				33EBD2F21DA83851001DF690 /* Products */,
			);
			sourceTree = "<group>";
		};
		33EBD2F21DA83851001DF690 /* Products */ = {
			isa = PBXGroup;
			children = (
				33EBD2F11DA83851001DF690 /* FinalMockup.app */,
			);
			name = Products;
			sourceTree = "<group>";
		};
		33EBD2F31DA83851001DF690 /* FinalMockup */ = {
			isa = PBXGroup;
			children = (
				33EBD2F41DA83851001DF690 /* AppDelegate.swift */,
				33EBD2F61DA83852001DF690 /* ViewController.swift */,
				33EBD2F81DA83852001DF690 /* Main.storyboard */,
				33EBD2FB1DA83852001DF690 /* Assets.xcassets */,
				33EBD2FD1DA83853001DF690 /* LaunchScreen.storyboard */,
				33EBD3001DA83853001DF690 /* Info.plist */,
			);
			path = FinalMockup;
			sourceTree = "<group>";
		};
/* End PBXGroup section */

/* Begin PBXNativeTarget section */
		33EBD2F01DA83851001DF690 /* FinalMockup */ = {
			isa = PBXNativeTarget;
			buildConfigurationList = 33EBD3031DA83853001DF690 /* Build configuration list for PBXNativeTarget "FinalMockup" */;
			buildPhases = (
				33EBD2ED1DA83851001DF690 /* Sources */,
				33EBD2EE1DA83851001DF690 /* Frameworks */,
				33EBD2EF1DA83851001DF690 /* Resources */,
			);
			buildRules = (
			);
			dependencies = (
			);
			name = FinalMockup;
			productName = FinalMockup;
			productReference = 33EBD2F11DA83851001DF690 /* FinalMockup.app */;
			productType = "com.apple.product-type.application";
		};
/* End PBXNativeTarget section */

/* Begin PBXProject section */
		33EBD2E91DA83851001DF690 /* Project object */ = {
			isa = PBXProject;
			attributes = {
				LastSwiftUpdateCheck = 0800;
				LastUpgradeCheck = 0800;
				ORGANIZATIONNAME = cdmackenzie;
				TargetAttributes = {
					33EBD2F01DA83851001DF690 = {
						CreatedOnToolsVersion = 8.0;
						DevelopmentTeam = M75P83B9SJ;
						ProvisioningStyle = Automatic;
					};
				};
			};
			buildConfigurationList = 33EBD2EC1DA83851001DF690 /* Build configuration list for PBXProject "FinalMockup" */;
			compatibilityVersion = "Xcode 3.2";
			developmentRegion = English;
			hasScannedForEncodings = 0;
			knownRegions = (
				en,
				Base,
			);
			mainGroup = 33EBD2E81DA83851001DF690;
			productRefGroup = 33EBD2F21DA83851001DF690 /* Products */;
			projectDirPath = "";
			projectRoot = "";
			targets = (
				33EBD2F01DA83851001DF690 /* FinalMockup */,
			);
		};
/* End PBXProject section */

/* Begin PBXResourcesBuildPhase section */
		33EBD2EF1DA83851001DF690 /* Resources */ = {
			isa = PBXResourcesBuildPhase;
			buildActionMask = 2147483647;
			files = (
				33EBD2FF1DA83853001DF690 /* LaunchScreen.storyboard in Resources */,
				33EBD2FC1DA83852001DF690 /* Assets.xcassets in Resources */,
				33EBD2FA1DA83852001DF690 /* Main.storyboard in Resources */,
			);
			runOnlyForDeploymentPostprocessing = 0;
		};
/* End PBXResourcesBuildPhase section */

/* Begin PBXSourcesBuildPhase section */
		33EBD2ED1DA83851001DF690 /* Sources */ = {
			isa = PBXSourcesBuildPhase;
			buildActionMask = 2147483647;
			files = (
				33EBD2F71DA83852001DF690 /* ViewController.swift in Sources */,
				33EBD2F51DA83852001DF690 /* AppDelegate.swift in Sources */,
			);
			runOnlyForDeploymentPostprocessing = 0;
		};
/* End PBXSourcesBuildPhase section */

/* Begin PBXVariantGroup section */
		33EBD2F81DA83852001DF690 /* Main.storyboard */ = {
			isa = PBXVariantGroup;
			children = (
				33EBD2F91DA83852001DF690 /* Base */,
			);
			name = Main.storyboard;
			sourceTree = "<group>";
		};
		33EBD2FD1DA83853001DF690 /* LaunchScreen.storyboard */ = {
			isa = PBXVariantGroup;
			children = (
				33EBD2FE1DA83853001DF690 /* Base */,
			);
			name = LaunchScreen.storyboard;
			sourceTree = "<group>";
		};
/* End PBXVariantGroup section */

/* Begin XCBuildConfiguration section */
		33EBD3011DA83853001DF690 /* Debug */ = {
			isa = XCBuildConfiguration;
			buildSettings = {
				ALWAYS_SEARCH_USER_PATHS = NO;
				CLANG_ANALYZER_NONNULL = YES;
				CLANG_CXX_LANGUAGE_STANDARD = "gnu++0x";
				CLANG_CXX_LIBRARY = "libc++";
				CLANG_ENABLE_MODULES = YES;
				CLANG_ENABLE_OBJC_ARC = YES;
				CLANG_WARN_BOOL_CONVERSION = YES;
				CLANG_WARN_CONSTANT_CONVERSION = YES;
				CLANG_WARN_DIRECT_OBJC_ISA_USAGE = YES_ERROR;
				CLANG_WARN_DOCUMENTATION_COMMENTS = YES;
				CLANG_WARN_EMPTY_BODY = YES;
				CLANG_WARN_ENUM_CONVERSION = YES;
				CLANG_WARN_INFINITE_RECURSION = YES;
				CLANG_WARN_INT_CONVERSION = YES;
				CLANG_WARN_OBJC_ROOT_CLASS = YES_ERROR;
				CLANG_WARN_SUSPICIOUS_MOVES = YES;
				CLANG_WARN_UNREACHABLE_CODE = YES;
				CLANG_WARN__DUPLICATE_METHOD_MATCH = YES;
				"CODE_SIGN_IDENTITY[sdk=iphoneos*]" = "iPhone Developer";
				COPY_PHASE_STRIP = NO;
				DEBUG_INFORMATION_FORMAT = dwarf;
				ENABLE_STRICT_OBJC_MSGSEND = YES;
				ENABLE_TESTABILITY = YES;
				GCC_C_LANGUAGE_STANDARD = gnu99;
				GCC_DYNAMIC_NO_PIC = NO;
				GCC_NO_COMMON_BLOCKS = YES;
				GCC_OPTIMIZATION_LEVEL = 0;
				GCC_PREPROCESSOR_DEFINITIONS = (
					"DEBUG=1",
					"$(inherited)",
				);
				GCC_WARN_64_TO_32_BIT_CONVERSION = YES;
				GCC_WARN_ABOUT_RETURN_TYPE = YES_ERROR;
				GCC_WARN_UNDECLARED_SELECTOR = YES;
				GCC_WARN_UNINITIALIZED_AUTOS = YES_AGGRESSIVE;
				GCC_WARN_UNUSED_FUNCTION = YES;
				GCC_WARN_UNUSED_VARIABLE = YES;
				IPHONEOS_DEPLOYMENT_TARGET = 10.0;
				MTL_ENABLE_DEBUG_INFO = YES;
				ONLY_ACTIVE_ARCH = YES;
				SDKROOT = iphoneos;
				SWIFT_ACTIVE_COMPILATION_CONDITIONS = DEBUG;
				SWIFT_OPTIMIZATION_LEVEL = "-Onone";
				TARGETED_DEVICE_FAMILY = "1,2";
			};
			name = Debug;
		};
		33EBD3021DA83853001DF690 /* Release */ = {
			isa = XCBuildConfiguration;
			buildSettings = {
				ALWAYS_SEARCH_USER_PATHS = NO;
				CLANG_ANALYZER_NONNULL = YES;
				CLANG_CXX_LANGUAGE_STANDARD = "gnu++0x";
				CLANG_CXX_LIBRARY = "libc++";
				CLANG_ENABLE_MODULES = YES;
				CLANG_ENABLE_OBJC_ARC = YES;
				CLANG_WARN_BOOL_CONVERSION = YES;
				CLANG_WARN_CONSTANT_CONVERSION = YES;
				CLANG_WARN_DIRECT_OBJC_ISA_USAGE = YES_ERROR;
				CLANG_WARN_DOCUMENTATION_COMMENTS = YES;
				CLANG_WARN_EMPTY_BODY = YES;
				CLANG_WARN_ENUM_CONVERSION = YES;
				CLANG_WARN_INFINITE_RECURSION = YES;
				CLANG_WARN_INT_CONVERSION = YES;
				CLANG_WARN_OBJC_ROOT_CLASS = YES_ERROR;
				CLANG_WARN_SUSPICIOUS_MOVES = YES;
				CLANG_WARN_UNREACHABLE_CODE = YES;
				CLANG_WARN__DUPLICATE_METHOD_MATCH = YES;
				"CODE_SIGN_IDENTITY[sdk=iphoneos*]" = "iPhone Developer";
				COPY_PHASE_STRIP = NO;
				DEBUG_INFORMATION_FORMAT = "dwarf-with-dsym";
				ENABLE_NS_ASSERTIONS = NO;
				ENABLE_STRICT_OBJC_MSGSEND = YES;
				GCC_C_LANGUAGE_STANDARD = gnu99;
				GCC_NO_COMMON_BLOCKS = YES;
				GCC_WARN_64_TO_32_BIT_CONVERSION = YES;
				GCC_WARN_ABOUT_RETURN_TYPE = YES_ERROR;
				GCC_WARN_UNDECLARED_SELECTOR = YES;
				GCC_WARN_UNINITIALIZED_AUTOS = YES_AGGRESSIVE;
				GCC_WARN_UNUSED_FUNCTION = YES;
				GCC_WARN_UNUSED_VARIABLE = YES;
				IPHONEOS_DEPLOYMENT_TARGET = 10.0;
				MTL_ENABLE_DEBUG_INFO = NO;
				SDKROOT = iphoneos;
				SWIFT_OPTIMIZATION_LEVEL = "-Owholemodule";
				TARGETED_DEVICE_FAMILY = "1,2";
				VALIDATE_PRODUCT = YES;
			};
			name = Release;
		};
		33EBD3041DA83853001DF690 /* Debug */ = {
			isa = XCBuildConfiguration;
			buildSettings = {
				ASSETCATALOG_COMPILER_APPICON_NAME = AppIcon;
				DEVELOPMENT_TEAM = M75P83B9SJ;
				INFOPLIST_FILE = FinalMockup/Info.plist;
				LD_RUNPATH_SEARCH_PATHS = "$(inherited) @executable_path/Frameworks";
				PRODUCT_BUNDLE_IDENTIFIER = net.cdmackenzie.FinalMockup;
				PRODUCT_NAME = "$(TARGET_NAME)";
				SWIFT_VERSION = 3.0;
			};
			name = Debug;
		};
		33EBD3051DA83853001DF690 /* Release */ = {
			isa = XCBuildConfiguration;
			buildSettings = {
				ASSETCATALOG_COMPILER_APPICON_NAME = AppIcon;
				DEVELOPMENT_TEAM = M75P83B9SJ;
				INFOPLIST_FILE = FinalMockup/Info.plist;
				LD_RUNPATH_SEARCH_PATHS = "$(inherited) @executable_path/Frameworks";
				PRODUCT_BUNDLE_IDENTIFIER = net.cdmackenzie.FinalMockup;
				PRODUCT_NAME = "$(TARGET_NAME)";
				SWIFT_VERSION = 3.0;
			};
			name = Release;
		};
/* End XCBuildConfiguration section */

/* Begin XCConfigurationList section */
		33EBD2EC1DA83851001DF690 /* Build configuration list for PBXProject "FinalMockup" */ = {
			isa = XCConfigurationList;
			buildConfigurations = (
				33EBD3011DA83853001DF690 /* Debug */,
				33EBD3021DA83853001DF690 /* Release */,
			);
			defaultConfigurationIsVisible = 0;
			defaultConfigurationName = Release;
		};
		33EBD3031DA83853001DF690 /* Build configuration list for PBXNativeTarget "FinalMockup" */ = {
			isa = XCConfigurationList;
			buildConfigurations = (
				33EBD3041DA83853001DF690 /* Debug */,
				33EBD3051DA83853001DF690 /* Release */,
			);
			defaultConfigurationIsVisible = 0;
		};
/* End XCConfigurationList section */
	};
	rootObject = 33EBD2E91DA83851001DF690 /* Project object */;
}
